<?xml version="1.0" encoding="UTF-8"?>
<!--
    The app's scheme, SHARED and committed.

    An unshared scheme lives in a per-user directory, which means CI and a
    reviewer would each get whatever Xcode invented for them. Committing it makes
    the launch configuration part of the reviewable surface: there is one scheme,
    it runs the SHIPPING target plus the UI-test bundle that drives it on a real
    handset, and it carries no environment variables, no launch arguments, and no
    diagnostic instrumentation.

    The UI-test bundle is a TEST target: it is never linked into TruePad.app and
    never ships. It exists because the properties that matter most — state
    surviving process death, a destroyed pair staying destroyed — can only be
    observed against a real container and a real Keychain.
-->
<Scheme
   LastUpgradeVersion = "1600"
   version = "1.7">
   <BuildAction
      parallelizeBuildables = "YES"
      buildImplicitDependencies = "YES">
      <BuildActionEntries>
         <BuildActionEntry
            buildForTesting = "YES"
            buildForRunning = "YES"
            buildForProfiling = "YES"
            buildForArchiving = "YES"
            buildForAnalyzing = "YES">
            <BuildableReference
               BuildableIdentifier = "primary"
               BlueprintIdentifier = "TP0000000000000000000005"
               BuildableName = "TruePad.app"
               BlueprintName = "TruePadApp"
               ReferencedContainer = "container:TruePadApp.xcodeproj">
            </BuildableReference>
         </BuildActionEntry>
      </BuildActionEntries>
   </BuildAction>
   <TestAction
      buildConfiguration = "Debug"
      selectedDebuggerIdentifier = "Xcode.DebuggerFoundation.Debugger.LLDB"
      selectedLauncherIdentifier = "Xcode.DebuggerFoundation.Launcher.LLDB"
      shouldUseLaunchSchemeArgsEnv = "YES">
      <Testables>
         <TestableReference
            skipped = "NO">
            <BuildableReference
               BuildableIdentifier = "primary"
               BlueprintIdentifier = "TP0000000000000000000024"
               BuildableName = "TruePadAppUITests.xctest"
               BlueprintName = "TruePadAppUITests"
               ReferencedContainer = "container:TruePadApp.xcodeproj">
            </BuildableReference>
         </TestableReference>
      </Testables>
   </TestAction>
   <LaunchAction
      buildConfiguration = "Debug"
      selectedDebuggerIdentifier = "Xcode.DebuggerFoundation.Debugger.LLDB"
      selectedLauncherIdentifier = "Xcode.DebuggerFoundation.Launcher.LLDB"
      launchStyle = "0"
      useCustomWorkingDirectory = "NO"
      ignoresPersistentStateOnLaunch = "NO"
      debugDocumentVersioning = "YES"
      debugServiceExtension = "internal"
      allowLocationSimulation = "NO">
      <BuildableProductRunnable
         runnableDebuggingMode = "0">
         <BuildableReference
            BuildableIdentifier = "primary"
            BlueprintIdentifier = "TP0000000000000000000005"
            BuildableName = "TruePad.app"
            BlueprintName = "TruePadApp"
            ReferencedContainer = "container:TruePadApp.xcodeproj">
         </BuildableReference>
      </BuildableProductRunnable>
   </LaunchAction>
   <ProfileAction
      buildConfiguration = "Release"
      shouldUseLaunchSchemeArgsEnv = "YES"
      savedToolIdentifier = ""
      useCustomWorkingDirectory = "NO"
      debugDocumentVersioning = "YES">
      <BuildableProductRunnable
         runnableDebuggingMode = "0">
         <BuildableReference
            BuildableIdentifier = "primary"
            BlueprintIdentifier = "TP0000000000000000000005"
            BuildableName = "TruePad.app"
            BlueprintName = "TruePadApp"
            ReferencedContainer = "container:TruePadApp.xcodeproj">
         </BuildableReference>
      </BuildableProductRunnable>
   </ProfileAction>
   <AnalyzeAction
      buildConfiguration = "Debug">
   </AnalyzeAction>
   <ArchiveAction
      buildConfiguration = "Release"
      revealArchiveInOrganizer = "YES">
   </ArchiveAction>
</Scheme>
